# This file was autogenerated by Stack.
# You should not edit this file by hand.
# For more information, please see the documentation at:
#   https://docs.haskellstack.org/en/stable/lock_files

packages:
- completed:
    hackage: tomland-1.3.3.3@sha256:877635f30fc7eeebc7b79283baeec1b7904365973cc3fd98c86f9d147eeef575,9147
    pantry-tree:
      sha256: 4b2b3295ea1bb95295087876a861f50e9f2c667731570fe24383210f794edfc1
      size: 6430
  original:
    hackage: tomland-1.3.3.3
- completed:
    hackage: validation-selective-0.2.0.0@sha256:cc847f1a110e3b1bd437a5356f115881b61cafcb11781b570b180efd88bf0907,3917
    pantry-tree:
      sha256: f6d871d6200ec0cf4903072028e17f0d0c7d9a71bedca11ace9d4c33a5387dd4
      size: 697
  original:
    hackage: validation-selective-0.2.0.0
- completed:
    hackage: os-release-1.0.2.1@sha256:2c3e8f7a9a0e17d5042d14d2036d52b42c8d5606e8d004697af462a95c87a9e2,2718
    pantry-tree:
      sha256: 9e1dd3b613f16648430ab5b2b0ba420edba3de9025cbbd8e678477520242c434
      size: 2261
  original:
    hackage: os-release-1.0.2.1
snapshots:
- completed:
    sha256: a81fb3877c4f9031e1325eb3935122e608d80715dc16b586eb11ddbff8671ecd
    size: 640086
    url: https://raw.githubusercontent.com/commercialhaskell/stackage-snapshots/master/lts/21/25.yaml
  original:
    url: https://raw.githubusercontent.com/commercialhaskell/stackage-snapshots/master/lts/21/25.yaml
